
Microsoft Visual Studio Solution File, Format Version 12.00
# Visual Studio Version 17
VisualStudioVersion = 17.10.35122.118
MinimumVisualStudioVersion = 10.0.40219.1
Project("{8BC9CEB8-8B4A-11D0-8D11-00A0C91BC942}") = "KitchenSink", "KitchenSink\KitchenSink.vcxproj", "{092D831F-47D1-4FE5-A2AC-C46AB5823E72}"
EndProject
Project("{8BC9CEB8-8B4A-11D0-8D11-00A0C91BC942}") = "Keela", "Keela\Keela.vcxproj", "{682E2829-F312-41A7-9555-1D71DDD43B85}"
EndProject
Global
	GlobalSection(SolutionConfigurationPlatforms) = preSolution
		Debug|x64 = Debug|x64
		Release|x64 = Release|x64
	EndGlobalSection
	GlobalSection(ProjectConfigurationPlatforms) = postSolution
		{682E2829-F312-41A7-9555-1D71DDD43B85}.Debug|x64.ActiveCfg = Debug|x64
		{682E2829-F312-41A7-9555-1D71DDD43B85}.Debug|x64.Build.0 = Debug|x64
		{682E2829-F312-41A7-9555-1D71DDD43B85}.Release|x64.ActiveCfg = Release|x64
		{682E2829-F312-41A7-9555-1D71DDD43B85}.Release|x64.Build.0 = Release|x64
		{092D831F-47D1-4FE5-A2AC-C46AB5823E72}.Debug|x64.ActiveCfg = Debug|x64
		{092D831F-47D1-4FE5-A2AC-C46AB5823E72}.Debug|x64.Build.0 = Debug|x64
		{092D831F-47D1-4FE5-A2AC-C46AB5823E72}.Release|x64.ActiveCfg = Release|x64
		{092D831F-47D1-4FE5-A2AC-C46AB5823E72}.Release|x64.Build.0 = Release|x64
	EndGlobalSection
	GlobalSection(SolutionProperties) = preSolution
		HideSolutionNode = FALSE
	EndGlobalSection
	GlobalSection(ExtensibilityGlobals) = postSolution
		SolutionGuid = {136F23EC-3160-4A30-8329-03632D90D371}
	EndGlobalSection
EndGlobal
