<?xml version="1.0" encoding="utf-8"?>
<Project ToolsVersion="4.0" xmlns="http://schemas.microsoft.com/developer/msbuild/2003">
  <ItemGroup>
    <Filter Include="Keela">
      <UniqueIdentifier>{274C850D-9360-ADBE-5CE2-501EC8B5A9EF}</UniqueIdentifier>
    </Filter>
    <Filter Include="Keela\Events">
      <UniqueIdentifier>{2BE6945A-1749-24FF-C0CE-5CB5AC10F081}</UniqueIdentifier>
    </Filter>
    <Filter Include="Keela\ImGui">
      <UniqueIdentifier>{910276D4-FDB7-EEC9-86AC-E8A0F260E5CD}</UniqueIdentifier>
    </Filter>
    <Filter Include="Platform">
      <UniqueIdentifier>{2AC788B4-1694-E3BF-3FAD-D1672BD9184E}</UniqueIdentifier>
    </Filter>
    <Filter Include="Platform\OpenGL">
      <UniqueIdentifier>{1E7D2C1D-8A08-9AE1-9319-1DD6FF23F6E1}</UniqueIdentifier>
    </Filter>
    <Filter Include="Platform\Windows">
      <UniqueIdentifier>{64FBD71A-50F4-F66C-7926-DCF1657ED678}</UniqueIdentifier>
    </Filter>
  </ItemGroup>
  <ItemGroup>
    <ClInclude Include="src\Keela.h" />
    <ClInclude Include="src\Keela\Application.h">
      <Filter>Keela</Filter>
    </ClInclude>
    <ClInclude Include="src\Keela\Core.h">
      <Filter>Keela</Filter>
    </ClInclude>
    <ClInclude Include="src\Keela\EntryPoint.h">
      <Filter>Keela</Filter>
    </ClInclude>
    <ClInclude Include="src\Keela\Events\ApplicationEvent.h">
      <Filter>Keela\Events</Filter>
    </ClInclude>
    <ClInclude Include="src\Keela\Events\Event.h">
      <Filter>Keela\Events</Filter>
    </ClInclude>
    <ClInclude Include="src\Keela\Events\KeyEvent.h">
      <Filter>Keela\Events</Filter>
    </ClInclude>
    <ClInclude Include="src\Keela\Events\MouseEvent.h">
      <Filter>Keela\Events</Filter>
    </ClInclude>
    <ClInclude Include="src\Keela\ImGui\ImGuiLayer.h">
      <Filter>Keela\ImGui</Filter>
    </ClInclude>
    <ClInclude Include="src\Keela\Layer.h">
      <Filter>Keela</Filter>
    </ClInclude>
    <ClInclude Include="src\Keela\LayerStack.h">
      <Filter>Keela</Filter>
    </ClInclude>
    <ClInclude Include="src\Keela\Log.h">
      <Filter>Keela</Filter>
    </ClInclude>
    <ClInclude Include="src\Keela\Window.h">
      <Filter>Keela</Filter>
    </ClInclude>
    <ClInclude Include="src\Platform\OpenGL\ImGuiOpenGLRender.h">
      <Filter>Platform\OpenGL</Filter>
    </ClInclude>
    <ClInclude Include="src\Platform\Windows\WindowsWindow.h">
      <Filter>Platform\Windows</Filter>
    </ClInclude>
    <ClInclude Include="src\keepch.h" />
  </ItemGroup>
  <ItemGroup>
    <ClCompile Include="src\Keela\Application.cpp">
      <Filter>Keela</Filter>
    </ClCompile>
    <ClCompile Include="src\Keela\ImGui\ImGuiLayer.cpp">
      <Filter>Keela\ImGui</Filter>
    </ClCompile>
    <ClCompile Include="src\Keela\Layer.cpp">
      <Filter>Keela</Filter>
    </ClCompile>
    <ClCompile Include="src\Keela\LayerStack.cpp">
      <Filter>Keela</Filter>
    </ClCompile>
    <ClCompile Include="src\Keela\Log.cpp">
      <Filter>Keela</Filter>
    </ClCompile>
    <ClCompile Include="src\Platform\OpenGL\ImGuiOpenGLRender.cpp">
      <Filter>Platform\OpenGL</Filter>
    </ClCompile>
    <ClCompile Include="src\Platform\Windows\WindowsWindow.cpp">
      <Filter>Platform\Windows</Filter>
    </ClCompile>
    <ClCompile Include="src\keepch.cpp" />
  </ItemGroup>
</Project>